// !$*UTF8*$!
{
	archiveVersion = 1;
	classes = {
	};
	objectVersion = 46;
	objects = {

/* Begin PBXBuildFile section */
		0F88E8681EDE62A00028C5EE /* main.m in Sources */ = {isa = PBXBuildFile; fileRef = 0F88E8671EDE62A00028C5EE /* main.m */; };
		0F88E86B1EDE62A00028C5EE /* AppDelegate.m in Sources */ = {isa = PBXBuildFile; fileRef = 0F88E86A1EDE62A00028C5EE /* AppDelegate.m */; };
		0F88E86E1EDE62A00028C5EE /* ViewController.m in Sources */ = {isa = PBXBuildFile; fileRef = 0F88E86D1EDE62A00028C5EE /* ViewController.m */; };
		0F88E8711EDE62A00028C5EE /* Main.storyboard in Resources */ = {isa = PBXBuildFile; fileRef = 0F88E86F1EDE62A00028C5EE /* Main.storyboard */; };
		0F88E8731EDE62A00028C5EE /* Assets.xcassets in Resources */ = {isa = PBXBuildFile; fileRef = 0F88E8721EDE62A00028C5EE /* Assets.xcassets */; };
		0F88E8761EDE62A00028C5EE /* LaunchScreen.storyboard in Resources */ = {isa = PBXBuildFile; fileRef = 0F88E8741EDE62A00028C5EE /* LaunchScreen.storyboard */; };
		0F88E8811EDE62A00028C5EE /* FistObjectCDemoTests.m in Sources */ = {isa = PBXBuildFile; fileRef = 0F88E8801EDE62A00028C5EE /* FistObjectCDemoTests.m */; };
		0F88E88C1EDE62A00028C5EE /* FistObjectCDemoUITests.m in Sources */ = {isa = PBXBuildFile; fileRef = 0F88E88B1EDE62A00028C5EE /* FistObjectCDemoUITests.m */; };
/* End PBXBuildFile section */

/* Begin PBXContainerItemProxy section */
		0F88E87D1EDE62A00028C5EE /* PBXContainerItemProxy */ = {
			isa = PBXContainerItemProxy;
			containerPortal = 0F88E85B1EDE629F0028C5EE /* Project object */;
			proxyType = 1;
			remoteGlobalIDString = 0F88E8621EDE629F0028C5EE;
			remoteInfo = FistObjectCDemo;
		};
		0F88E8881EDE62A00028C5EE /* PBXContainerItemProxy */ = {
			isa = PBXContainerItemProxy;
			containerPortal = 0F88E85B1EDE629F0028C5EE /* Project object */;
			proxyType = 1;
			remoteGlobalIDString = 0F88E8621EDE629F0028C5EE;
			remoteInfo = FistObjectCDemo;
		};
/* End PBXContainerItemProxy section */

/* Begin PBXFileReference section */
		0F88E8631EDE62A00028C5EE /* FistObjectCDemo.app */ = {isa = PBXFileReference; explicitFileType = wrapper.application; includeInIndex = 0; path = FistObjectCDemo.app; sourceTree = BUILT_PRODUCTS_DIR; };
		0F88E8671EDE62A00028C5EE /* main.m */ = {isa = PBXFileReference; lastKnownFileType = sourcecode.c.objc; path = main.m; sourceTree = "<group>"; };
		0F88E8691EDE62A00028C5EE /* AppDelegate.h */ = {isa = PBXFileReference; lastKnownFileType = sourcecode.c.h; path = AppDelegate.h; sourceTree = "<group>"; };
		0F88E86A1EDE62A00028C5EE /* AppDelegate.m */ = {isa = PBXFileReference; lastKnownFileType = sourcecode.c.objc; path = AppDelegate.m; sourceTree = "<group>"; };
		0F88E86C1EDE62A00028C5EE /* ViewController.h */ = {isa = PBXFileReference; lastKnownFileType = sourcecode.c.h; path = ViewController.h; sourceTree = "<group>"; };
		0F88E86D1EDE62A00028C5EE /* ViewController.m */ = {isa = PBXFileReference; lastKnownFileType = sourcecode.c.objc; path = ViewController.m; sourceTree = "<group>"; };
		0F88E8701EDE62A00028C5EE /* Base */ = {isa = PBXFileReference; lastKnownFileType = file.storyboard; name = Base; path = Base.lproj/Main.storyboard; sourceTree = "<group>"; };
		0F88E8721EDE62A00028C5EE /* Assets.xcassets */ = {isa = PBXFileReference; lastKnownFileType = folder.assetcatalog; path = Assets.xcassets; sourceTree = "<group>"; };
		0F88E8751EDE62A00028C5EE /* Base */ = {isa = PBXFileReference; lastKnownFileType = file.storyboard; name = Base; path = Base.lproj/LaunchScreen.storyboard; sourceTree = "<group>"; };
		0F88E8771EDE62A00028C5EE /* Info.plist */ = {isa = PBXFileReference; lastKnownFileType = text.plist.xml; path = Info.plist; sourceTree = "<group>"; };
		0F88E87C1EDE62A00028C5EE /* FistObjectCDemoTests.xctest */ = {isa = PBXFileReference; explicitFileType = wrapper.cfbundle; includeInIndex = 0; path = FistObjectCDemoTests.xctest; sourceTree = BUILT_PRODUCTS_DIR; };
		0F88E8801EDE62A00028C5EE /* FistObjectCDemoTests.m */ = {isa = PBXFileReference; lastKnownFileType = sourcecode.c.objc; path = FistObjectCDemoTests.m; sourceTree = "<group>"; };
		0F88E8821EDE62A00028C5EE /* Info.plist */ = {isa = PBXFileReference; lastKnownFileType = text.plist.xml; path = Info.plist; sourceTree = "<group>"; };
		0F88E8871EDE62A00028C5EE /* FistObjectCDemoUITests.xctest */ = {isa = PBXFileReference; explicitFileType = wrapper.cfbundle; includeInIndex = 0; path = FistObjectCDemoUITests.xctest; sourceTree = BUILT_PRODUCTS_DIR; };
		0F88E88B1EDE62A00028C5EE /* FistObjectCDemoUITests.m */ = {isa = PBXFileReference; lastKnownFileType = sourcecode.c.objc; path = FistObjectCDemoUITests.m; sourceTree = "<group>"; };
		0F88E88D1EDE62A00028C5EE /* Info.plist */ = {isa = PBXFileReference; lastKnownFileType = text.plist.xml; path = Info.plist; sourceTree = "<group>"; };
/* End PBXFileReference section */

/* Begin PBXFrameworksBuildPhase section */
		0F88E8601EDE629F0028C5EE /* Frameworks */ = {
			isa = PBXFrameworksBuildPhase;
			buildActionMask = 2147483647;
			files = (
			);
			runOnlyForDeploymentPostprocessing = 0;
		};
		0F88E8791EDE62A00028C5EE /* Frameworks */ = {
			isa = PBXFrameworksBuildPhase;
			buildActionMask = 2147483647;
			files = (
			);
			runOnlyForDeploymentPostprocessing = 0;
		};
		0F88E8841EDE62A00028C5EE /* Frameworks */ = {
			isa = PBXFrameworksBuildPhase;
			buildActionMask = 2147483647;
			files = (
			);
			runOnlyForDeploymentPostprocessing = 0;
		};
/* End PBXFrameworksBuildPhase section */

/* Begin PBXGroup section */
		0F88E85A1EDE629F0028C5EE = {
			isa = PBXGroup;
			children = (
				0F88E8651EDE62A00028C5EE /* FistObjectCDemo */,
				0F88E87F1EDE62A00028C5EE /* FistObjectCDemoTests */,
				0F88E88A1EDE62A00028C5EE /* FistObjectCDemoUITests */,
				0F88E8641EDE62A00028C5EE /* Products */,
			);
			sourceTree = "<group>";
		};
		0F88E8641EDE62A00028C5EE /* Products */ = {
			isa = PBXGroup;
			children = (
				0F88E8631EDE62A00028C5EE /* FistObjectCDemo.app */,
				0F88E87C1EDE62A00028C5EE /* FistObjectCDemoTests.xctest */,
				0F88E8871EDE62A00028C5EE /* FistObjectCDemoUITests.xctest */,
			);
			name = Products;
			sourceTree = "<group>";
		};
		0F88E8651EDE62A00028C5EE /* FistObjectCDemo */ = {
			isa = PBXGroup;
			children = (
				0F88E8691EDE62A00028C5EE /* AppDelegate.h */,
				0F88E86A1EDE62A00028C5EE /* AppDelegate.m */,
				0F88E86C1EDE62A00028C5EE /* ViewController.h */,
				0F88E86D1EDE62A00028C5EE /* ViewController.m */,
				0F88E86F1EDE62A00028C5EE /* Main.storyboard */,
				0F88E8721EDE62A00028C5EE /* Assets.xcassets */,
				0F88E8741EDE62A00028C5EE /* LaunchScreen.storyboard */,
				0F88E8771EDE62A00028C5EE /* Info.plist */,
				0F88E8661EDE62A00028C5EE /* Supporting Files */,
			);
			path = FistObjectCDemo;
			sourceTree = "<group>";
		};
		0F88E8661EDE62A00028C5EE /* Supporting Files */ = {
			isa = PBXGroup;
			children = (
				0F88E8671EDE62A00028C5EE /* main.m */,
			);
			name = "Supporting Files";
			sourceTree = "<group>";
		};
		0F88E87F1EDE62A00028C5EE /* FistObjectCDemoTests */ = {
			isa = PBXGroup;
			children = (
				0F88E8801EDE62A00028C5EE /* FistObjectCDemoTests.m */,
				0F88E8821EDE62A00028C5EE /* Info.plist */,
			);
			path = FistObjectCDemoTests;
			sourceTree = "<group>";
		};
		0F88E88A1EDE62A00028C5EE /* FistObjectCDemoUITests */ = {
			isa = PBXGroup;
			children = (
				0F88E88B1EDE62A00028C5EE /* FistObjectCDemoUITests.m */,
				0F88E88D1EDE62A00028C5EE /* Info.plist */,
			);
			path = FistObjectCDemoUITests;
			sourceTree = "<group>";
		};
/* End PBXGroup section */

/* Begin PBXNativeTarget section */
		0F88E8621EDE629F0028C5EE /* FistObjectCDemo */ = {
			isa = PBXNativeTarget;
			buildConfigurationList = 0F88E8901EDE62A00028C5EE /* Build configuration list for PBXNativeTarget "FistObjectCDemo" */;
			buildPhases = (
				0F88E85F1EDE629F0028C5EE /* Sources */,
				0F88E8601EDE629F0028C5EE /* Frameworks */,
				0F88E8611EDE629F0028C5EE /* Resources */,
			);
			buildRules = (
			);
			dependencies = (
			);
			name = FistObjectCDemo;
			productName = FistObjectCDemo;
			productReference = 0F88E8631EDE62A00028C5EE /* FistObjectCDemo.app */;
			productType = "com.apple.product-type.application";
		};
		0F88E87B1EDE62A00028C5EE /* FistObjectCDemoTests */ = {
			isa = PBXNativeTarget;
			buildConfigurationList = 0F88E8931EDE62A00028C5EE /* Build configuration list for PBXNativeTarget "FistObjectCDemoTests" */;
			buildPhases = (
				0F88E8781EDE62A00028C5EE /* Sources */,
				0F88E8791EDE62A00028C5EE /* Frameworks */,
				0F88E87A1EDE62A00028C5EE /* Resources */,
			);
			buildRules = (
			);
			dependencies = (
				0F88E87E1EDE62A00028C5EE /* PBXTargetDependency */,
			);
			name = FistObjectCDemoTests;
			productName = FistObjectCDemoTests;
			productReference = 0F88E87C1EDE62A00028C5EE /* FistObjectCDemoTests.xctest */;
			productType = "com.apple.product-type.bundle.unit-test";
		};
		0F88E8861EDE62A00028C5EE /* FistObjectCDemoUITests */ = {
			isa = PBXNativeTarget;
			buildConfigurationList = 0F88E8961EDE62A00028C5EE /* Build configuration list for PBXNativeTarget "FistObjectCDemoUITests" */;
			buildPhases = (
				0F88E8831EDE62A00028C5EE /* Sources */,
				0F88E8841EDE62A00028C5EE /* Frameworks */,
				0F88E8851EDE62A00028C5EE /* Resources */,
			);
			buildRules = (
			);
			dependencies = (
				0F88E8891EDE62A00028C5EE /* PBXTargetDependency */,
			);
			name = FistObjectCDemoUITests;
			productName = FistObjectCDemoUITests;
			productReference = 0F88E8871EDE62A00028C5EE /* FistObjectCDemoUITests.xctest */;
			productType = "com.apple.product-type.bundle.ui-testing";
		};
/* End PBXNativeTarget section */

/* Begin PBXProject section */
		0F88E85B1EDE629F0028C5EE /* Project object */ = {
			isa = PBXProject;
			attributes = {
				LastUpgradeCheck = 0820;
				ORGANIZATIONNAME = "测试工程";
				TargetAttributes = {
					0F88E8621EDE629F0028C5EE = {
						CreatedOnToolsVersion = 8.2.1;
						ProvisioningStyle = Automatic;
					};
					0F88E87B1EDE62A00028C5EE = {
						CreatedOnToolsVersion = 8.2.1;
						ProvisioningStyle = Automatic;
						TestTargetID = 0F88E8621EDE629F0028C5EE;
					};
					0F88E8861EDE62A00028C5EE = {
						CreatedOnToolsVersion = 8.2.1;
						ProvisioningStyle = Automatic;
						TestTargetID = 0F88E8621EDE629F0028C5EE;
					};
				};
			};
			buildConfigurationList = 0F88E85E1EDE629F0028C5EE /* Build configuration list for PBXProject "FistObjectCDemo" */;
			compatibilityVersion = "Xcode 3.2";
			developmentRegion = English;
			hasScannedForEncodings = 0;
			knownRegions = (
				en,
				Base,
			);
			mainGroup = 0F88E85A1EDE629F0028C5EE;
			productRefGroup = 0F88E8641EDE62A00028C5EE /* Products */;
			projectDirPath = "";
			projectRoot = "";
			targets = (
				0F88E8621EDE629F0028C5EE /* FistObjectCDemo */,
				0F88E87B1EDE62A00028C5EE /* FistObjectCDemoTests */,
				0F88E8861EDE62A00028C5EE /* FistObjectCDemoUITests */,
			);
		};
/* End PBXProject section */

/* Begin PBXResourcesBuildPhase section */
		0F88E8611EDE629F0028C5EE /* Resources */ = {
			isa = PBXResourcesBuildPhase;
			buildActionMask = 2147483647;
			files = (
				0F88E8761EDE62A00028C5EE /* LaunchScreen.storyboard in Resources */,
				0F88E8731EDE62A00028C5EE /* Assets.xcassets in Resources */,
				0F88E8711EDE62A00028C5EE /* Main.storyboard in Resources */,
			);
			runOnlyForDeploymentPostprocessing = 0;
		};
		0F88E87A1EDE62A00028C5EE /* Resources */ = {
			isa = PBXResourcesBuildPhase;
			buildActionMask = 2147483647;
			files = (
			);
			runOnlyForDeploymentPostprocessing = 0;
		};
		0F88E8851EDE62A00028C5EE /* Resources */ = {
			isa = PBXResourcesBuildPhase;
			buildActionMask = 2147483647;
			files = (
			);
			runOnlyForDeploymentPostprocessing = 0;
		};
/* End PBXResourcesBuildPhase section */

/* Begin PBXSourcesBuildPhase section */
		0F88E85F1EDE629F0028C5EE /* Sources */ = {
			isa = PBXSourcesBuildPhase;
			buildActionMask = 2147483647;
			files = (
				0F88E86E1EDE62A00028C5EE /* ViewController.m in Sources */,
				0F88E86B1EDE62A00028C5EE /* AppDelegate.m in Sources */,
				0F88E8681EDE62A00028C5EE /* main.m in Sources */,
			);
			runOnlyForDeploymentPostprocessing = 0;
		};
		0F88E8781EDE62A00028C5EE /* Sources */ = {
			isa = PBXSourcesBuildPhase;
			buildActionMask = 2147483647;
			files = (
				0F88E8811EDE62A00028C5EE /* FistObjectCDemoTests.m in Sources */,
			);
			runOnlyForDeploymentPostprocessing = 0;
		};
		0F88E8831EDE62A00028C5EE /* Sources */ = {
			isa = PBXSourcesBuildPhase;
			buildActionMask = 2147483647;
			files = (
				0F88E88C1EDE62A00028C5EE /* FistObjectCDemoUITests.m in Sources */,
			);
			runOnlyForDeploymentPostprocessing = 0;
		};
/* End PBXSourcesBuildPhase section */

/* Begin PBXTargetDependency section */
		0F88E87E1EDE62A00028C5EE /* PBXTargetDependency */ = {
			isa = PBXTargetDependency;
			target = 0F88E8621EDE629F0028C5EE /* FistObjectCDemo */;
			targetProxy = 0F88E87D1EDE62A00028C5EE /* PBXContainerItemProxy */;
		};
		0F88E8891EDE62A00028C5EE /* PBXTargetDependency */ = {
			isa = PBXTargetDependency;
			target = 0F88E8621EDE629F0028C5EE /* FistObjectCDemo */;
			targetProxy = 0F88E8881EDE62A00028C5EE /* PBXContainerItemProxy */;
		};
/* End PBXTargetDependency section */

/* Begin PBXVariantGroup section */
		0F88E86F1EDE62A00028C5EE /* Main.storyboard */ = {
			isa = PBXVariantGroup;
			children = (
				0F88E8701EDE62A00028C5EE /* Base */,
			);
			name = Main.storyboard;
			sourceTree = "<group>";
		};
		0F88E8741EDE62A00028C5EE /* LaunchScreen.storyboard */ = {
			isa = PBXVariantGroup;
			children = (
				0F88E8751EDE62A00028C5EE /* Base */,
			);
			name = LaunchScreen.storyboard;
			sourceTree = "<group>";
		};
/* End PBXVariantGroup section */

/* Begin XCBuildConfiguration section */
		0F88E88E1EDE62A00028C5EE /* Debug */ = {
			isa = XCBuildConfiguration;
			buildSettings = {
				ALWAYS_SEARCH_USER_PATHS = NO;
				CLANG_ANALYZER_NONNULL = YES;
				CLANG_CXX_LANGUAGE_STANDARD = "gnu++0x";
				CLANG_CXX_LIBRARY = "libc++";
				CLANG_ENABLE_MODULES = YES;
				CLANG_ENABLE_OBJC_ARC = YES;
				CLANG_WARN_BOOL_CONVERSION = YES;
				CLANG_WARN_CONSTANT_CONVERSION = YES;
				CLANG_WARN_DIRECT_OBJC_ISA_USAGE = YES_ERROR;
				CLANG_WARN_DOCUMENTATION_COMMENTS = YES;
				CLANG_WARN_EMPTY_BODY = YES;
				CLANG_WARN_ENUM_CONVERSION = YES;
				CLANG_WARN_INFINITE_RECURSION = YES;
				CLANG_WARN_INT_CONVERSION = YES;
				CLANG_WARN_OBJC_ROOT_CLASS = YES_ERROR;
				CLANG_WARN_SUSPICIOUS_MOVE = YES;
				CLANG_WARN_UNREACHABLE_CODE = YES;
				CLANG_WARN__DUPLICATE_METHOD_MATCH = YES;
				"CODE_SIGN_IDENTITY[sdk=iphoneos*]" = "iPhone Developer";
				COPY_PHASE_STRIP = NO;
				DEBUG_INFORMATION_FORMAT = dwarf;
				ENABLE_STRICT_OBJC_MSGSEND = YES;
				ENABLE_TESTABILITY = YES;
				GCC_C_LANGUAGE_STANDARD = gnu99;
				GCC_DYNAMIC_NO_PIC = NO;
				GCC_NO_COMMON_BLOCKS = YES;
				GCC_OPTIMIZATION_LEVEL = 0;
				GCC_PREPROCESSOR_DEFINITIONS = (
					"DEBUG=1",
					"$(inherited)",
				);
				GCC_WARN_64_TO_32_BIT_CONVERSION = YES;
				GCC_WARN_ABOUT_RETURN_TYPE = YES_ERROR;
				GCC_WARN_UNDECLARED_SELECTOR = YES;
				GCC_WARN_UNINITIALIZED_AUTOS = YES_AGGRESSIVE;
				GCC_WARN_UNUSED_FUNCTION = YES;
				GCC_WARN_UNUSED_VARIABLE = YES;
				IPHONEOS_DEPLOYMENT_TARGET = 10.2;
				MTL_ENABLE_DEBUG_INFO = YES;
				ONLY_ACTIVE_ARCH = YES;
				SDKROOT = iphoneos;
			};
			name = Debug;
		};
		0F88E88F1EDE62A00028C5EE /* Release */ = {
			isa = XCBuildConfiguration;
			buildSettings = {
				ALWAYS_SEARCH_USER_PATHS = NO;
				CLANG_ANALYZER_NONNULL = YES;
				CLANG_CXX_LANGUAGE_STANDARD = "gnu++0x";
				CLANG_CXX_LIBRARY = "libc++";
				CLANG_ENABLE_MODULES = YES;
				CLANG_ENABLE_OBJC_ARC = YES;
				CLANG_WARN_BOOL_CONVERSION = YES;
				CLANG_WARN_CONSTANT_CONVERSION = YES;
				CLANG_WARN_DIRECT_OBJC_ISA_USAGE = YES_ERROR;
				CLANG_WARN_DOCUMENTATION_COMMENTS = YES;
				CLANG_WARN_EMPTY_BODY = YES;
				CLANG_WARN_ENUM_CONVERSION = YES;
				CLANG_WARN_INFINITE_RECURSION = YES;
				CLANG_WARN_INT_CONVERSION = YES;
				CLANG_WARN_OBJC_ROOT_CLASS = YES_ERROR;
				CLANG_WARN_SUSPICIOUS_MOVE = YES;
				CLANG_WARN_UNREACHABLE_CODE = YES;
				CLANG_WARN__DUPLICATE_METHOD_MATCH = YES;
				"CODE_SIGN_IDENTITY[sdk=iphoneos*]" = "iPhone Developer";
				COPY_PHASE_STRIP = NO;
				DEBUG_INFORMATION_FORMAT = "dwarf-with-dsym";
				ENABLE_NS_ASSERTIONS = NO;
				ENABLE_STRICT_OBJC_MSGSEND = YES;
				GCC_C_LANGUAGE_STANDARD = gnu99;
				GCC_NO_COMMON_BLOCKS = YES;
				GCC_WARN_64_TO_32_BIT_CONVERSION = YES;
				GCC_WARN_ABOUT_RETURN_TYPE = YES_ERROR;
				GCC_WARN_UNDECLARED_SELECTOR = YES;
				GCC_WARN_UNINITIALIZED_AUTOS = YES_AGGRESSIVE;
				GCC_WARN_UNUSED_FUNCTION = YES;
				GCC_WARN_UNUSED_VARIABLE = YES;
				IPHONEOS_DEPLOYMENT_TARGET = 10.2;
				MTL_ENABLE_DEBUG_INFO = NO;
				SDKROOT = iphoneos;
				VALIDATE_PRODUCT = YES;
			};
			name = Release;
		};
		0F88E8911EDE62A00028C5EE /* Debug */ = {
			isa = XCBuildConfiguration;
			buildSettings = {
				ASSETCATALOG_COMPILER_APPICON_NAME = AppIcon;
				INFOPLIST_FILE = FistObjectCDemo/Info.plist;
				LD_RUNPATH_SEARCH_PATHS = "$(inherited) @executable_path/Frameworks";
				PRODUCT_BUNDLE_IDENTIFIER = com.shenyi.FistObjectCDemo;
				PRODUCT_NAME = "$(TARGET_NAME)";
			};
			name = Debug;
		};
		0F88E8921EDE62A00028C5EE /* Release */ = {
			isa = XCBuildConfiguration;
			buildSettings = {
				ASSETCATALOG_COMPILER_APPICON_NAME = AppIcon;
				INFOPLIST_FILE = FistObjectCDemo/Info.plist;
				LD_RUNPATH_SEARCH_PATHS = "$(inherited) @executable_path/Frameworks";
				PRODUCT_BUNDLE_IDENTIFIER = com.shenyi.FistObjectCDemo;
				PRODUCT_NAME = "$(TARGET_NAME)";
			};
			name = Release;
		};
		0F88E8941EDE62A00028C5EE /* Debug */ = {
			isa = XCBuildConfiguration;
			buildSettings = {
				BUNDLE_LOADER = "$(TEST_HOST)";
				INFOPLIST_FILE = FistObjectCDemoTests/Info.plist;
				LD_RUNPATH_SEARCH_PATHS = "$(inherited) @executable_path/Frameworks @loader_path/Frameworks";
				PRODUCT_BUNDLE_IDENTIFIER = com.shenyi.FistObjectCDemoTests;
				PRODUCT_NAME = "$(TARGET_NAME)";
				TEST_HOST = "$(BUILT_PRODUCTS_DIR)/FistObjectCDemo.app/FistObjectCDemo";
			};
			name = Debug;
		};
		0F88E8951EDE62A00028C5EE /* Release */ = {
			isa = XCBuildConfiguration;
			buildSettings = {
				BUNDLE_LOADER = "$(TEST_HOST)";
				INFOPLIST_FILE = FistObjectCDemoTests/Info.plist;
				LD_RUNPATH_SEARCH_PATHS = "$(inherited) @executable_path/Frameworks @loader_path/Frameworks";
				PRODUCT_BUNDLE_IDENTIFIER = com.shenyi.FistObjectCDemoTests;
				PRODUCT_NAME = "$(TARGET_NAME)";
				TEST_HOST = "$(BUILT_PRODUCTS_DIR)/FistObjectCDemo.app/FistObjectCDemo";
			};
			name = Release;
		};
		0F88E8971EDE62A00028C5EE /* Debug */ = {
			isa = XCBuildConfiguration;
			buildSettings = {
				INFOPLIST_FILE = FistObjectCDemoUITests/Info.plist;
				LD_RUNPATH_SEARCH_PATHS = "$(inherited) @executable_path/Frameworks @loader_path/Frameworks";
				PRODUCT_BUNDLE_IDENTIFIER = com.shenyi.FistObjectCDemoUITests;
				PRODUCT_NAME = "$(TARGET_NAME)";
				TEST_TARGET_NAME = FistObjectCDemo;
			};
			name = Debug;
		};
		0F88E8981EDE62A00028C5EE /* Release */ = {
			isa = XCBuildConfiguration;
			buildSettings = {
				INFOPLIST_FILE = FistObjectCDemoUITests/Info.plist;
				LD_RUNPATH_SEARCH_PATHS = "$(inherited) @executable_path/Frameworks @loader_path/Frameworks";
				PRODUCT_BUNDLE_IDENTIFIER = com.shenyi.FistObjectCDemoUITests;
				PRODUCT_NAME = "$(TARGET_NAME)";
				TEST_TARGET_NAME = FistObjectCDemo;
			};
			name = Release;
		};
/* End XCBuildConfiguration section */

/* Begin XCConfigurationList section */
		0F88E85E1EDE629F0028C5EE /* Build configuration list for PBXProject "FistObjectCDemo" */ = {
			isa = XCConfigurationList;
			buildConfigurations = (
				0F88E88E1EDE62A00028C5EE /* Debug */,
				0F88E88F1EDE62A00028C5EE /* Release */,
			);
			defaultConfigurationIsVisible = 0;
			defaultConfigurationName = Release;
		};
		0F88E8901EDE62A00028C5EE /* Build configuration list for PBXNativeTarget "FistObjectCDemo" */ = {
			isa = XCConfigurationList;
			buildConfigurations = (
				0F88E8911EDE62A00028C5EE /* Debug */,
				0F88E8921EDE62A00028C5EE /* Release */,
			);
			defaultConfigurationIsVisible = 0;
		};
		0F88E8931EDE62A00028C5EE /* Build configuration list for PBXNativeTarget "FistObjectCDemoTests" */ = {
			isa = XCConfigurationList;
			buildConfigurations = (
				0F88E8941EDE62A00028C5EE /* Debug */,
				0F88E8951EDE62A00028C5EE /* Release */,
			);
			defaultConfigurationIsVisible = 0;
		};
		0F88E8961EDE62A00028C5EE /* Build configuration list for PBXNativeTarget "FistObjectCDemoUITests" */ = {
			isa = XCConfigurationList;
			buildConfigurations = (
				0F88E8971EDE62A00028C5EE /* Debug */,
				0F88E8981EDE62A00028C5EE /* Release */,
			);
			defaultConfigurationIsVisible = 0;
		};
/* End XCConfigurationList section */
	};
	rootObject = 0F88E85B1EDE629F0028C5EE /* Project object */;
}
